{
  "name": "ts-cal",
  "version": "1.0.0",
  "lockfileVersion": 2,
  "requires": true,
  "packages": {
    "": {
      "name": "ts-cal",
      "version": "1.0.0",
      "license": "MIT",
      "dependencies": {
        "command": "^0.0.5",
        "commander": "^9.4.1",
        "i": "^0.3.7",
        "typescript": "^4.8.4"
      },
      "bin": {
        "ts-cal": "index.js"
      }
    },
    "node_modules/command": {
      "version": "0.0.5",
      "resolved": "https://registry.npmjs.org/command/-/command-0.0.5.tgz",
      "integrity": "sha512-D3ahqZifhRQODzFluhUSaHCvukc9/WsEboceAVugj/uoG1eE1h9ZR+jJ+YtoyOmXOOq5AijdYYeXhYvUPa7f/w==",
      "dependencies": {
        "merge-recursive": "0.0.3",
        "which": "1.0.5"
      }
    },
    "node_modules/commander": {
      "version": "9.4.1",
      "resolved": "https://registry.npmjs.org/commander/-/commander-9.4.1.tgz",
      "integrity": "sha512-5EEkTNyHNGFPD2H+c/dXXfQZYa/scCKasxWcXJaWnNJ99pnQN9Vnmqow+p+PlFPE63Q6mThaZws1T+HxfpgtPw==",
      "engines": {
        "node": "^12.20.0 || >=14"
      }
    },
    "node_modules/i": {
      "version": "0.3.7",
      "resolved": "https://registry.npmjs.org/i/-/i-0.3.7.tgz",
      "integrity": "sha512-FYz4wlXgkQwIPqhzC5TdNMLSE5+GS1IIDJZY/1ZiEPCT2S3COUVZeT5OW4BmW4r5LHLQuOosSwsvnroG9GR59Q==",
      "engines": {
        "node": ">=0.4"
      }
    },
    "node_modules/merge-recursive": {
      "version": "0.0.3",
      "resolved": "https://registry.npmjs.org/merge-recursive/-/merge-recursive-0.0.3.tgz",
      "integrity": "sha512-WPyS8iu5hcexWNQxFO9lbpvB1lRDn+3hOZXXrD7kLwVrC8+4CKdL7rW7Rrxlmf5V/ySnpZRk2Moo6VAxb4lAeA=="
    },
    "node_modules/typescript": {
      "version": "4.8.4",
      "resolved": "https://registry.npmjs.org/typescript/-/typescript-4.8.4.tgz",
      "integrity": "sha512-QCh+85mCy+h0IGff8r5XWzOVSbBO+KfeYrMQh7NJ58QujwcE22u+NUSmUxqF+un70P9GXKxa2HCNiTTMJknyjQ==",
      "bin": {
        "tsc": "bin/tsc",
        "tsserver": "bin/tsserver"
      },
      "engines": {
        "node": ">=4.2.0"
      }
    },
    "node_modules/which": {
      "version": "1.0.5",
      "resolved": "https://registry.npmjs.org/which/-/which-1.0.5.tgz",
      "integrity": "sha512-p82w9e3628Y1sCI41PbzZb5Qbacst2Yt/gE4mtqrNXv65SmwNbAcQvS4VkehtqmclAcOh36tgQiwhg6fKvkyDA==",
      "bin": {
        "which": "bin/which"
      },
      "engines": {
        "node": "*"
      }
    }
  },
  "dependencies": {
    "command": {
      "version": "0.0.5",
      "resolved": "https://registry.npmjs.org/command/-/command-0.0.5.tgz",
      "integrity": "sha512-D3ahqZifhRQODzFluhUSaHCvukc9/WsEboceAVugj/uoG1eE1h9ZR+jJ+YtoyOmXOOq5AijdYYeXhYvUPa7f/w==",
      "requires": {
        "merge-recursive": "0.0.3",
        "which": "1.0.5"
      }
    },
    "commander": {
      "version": "9.4.1",
      "resolved": "https://registry.npmjs.org/commander/-/commander-9.4.1.tgz",
      "integrity": "sha512-5EEkTNyHNGFPD2H+c/dXXfQZYa/scCKasxWcXJaWnNJ99pnQN9Vnmqow+p+PlFPE63Q6mThaZws1T+HxfpgtPw=="
    },
    "i": {
      "version": "0.3.7",
      "resolved": "https://registry.npmjs.org/i/-/i-0.3.7.tgz",
      "integrity": "sha512-FYz4wlXgkQwIPqhzC5TdNMLSE5+GS1IIDJZY/1ZiEPCT2S3COUVZeT5OW4BmW4r5LHLQuOosSwsvnroG9GR59Q=="
    },
    "merge-recursive": {
      "version": "0.0.3",
      "resolved": "https://registry.npmjs.org/merge-recursive/-/merge-recursive-0.0.3.tgz",
      "integrity": "sha512-WPyS8iu5hcexWNQxFO9lbpvB1lRDn+3hOZXXrD7kLwVrC8+4CKdL7rW7Rrxlmf5V/ySnpZRk2Moo6VAxb4lAeA=="
    },
    "typescript": {
      "version": "4.8.4",
      "resolved": "https://registry.npmjs.org/typescript/-/typescript-4.8.4.tgz",
      "integrity": "sha512-QCh+85mCy+h0IGff8r5XWzOVSbBO+KfeYrMQh7NJ58QujwcE22u+NUSmUxqF+un70P9GXKxa2HCNiTTMJknyjQ=="
    },
    "which": {
      "version": "1.0.5",
      "resolved": "https://registry.npmjs.org/which/-/which-1.0.5.tgz",
      "integrity": "sha512-p82w9e3628Y1sCI41PbzZb5Qbacst2Yt/gE4mtqrNXv65SmwNbAcQvS4VkehtqmclAcOh36tgQiwhg6fKvkyDA=="
    }
  }
}
